
Microsoft Visual Studio Solution File, Format Version 12.00
# Visual Studio Version 17
VisualStudioVersion = 17.7.34024.191
MinimumVisualStudioVersion = 10.0.40219.1
Project("{2150E333-8FDC-42A3-9474-1A3956D46DE8}") = "Task0", "Task0", "{E3D68791-9CA5-4985-987B-A805F6EF3608}"
EndProject
Project("{FAE04EC0-301F-11D3-BF4B-00C04F79EFBC}") = "Tyuiu.PolyantsevEI.Sprint6.Task0.V3.Lib", "Tyuiu.PolyantsevEI.Sprint6.Task0.V3.Lib\Tyuiu.PolyantsevEI.Sprint6.Task0.V3.Lib.csproj", "{5C0FC726-1DAA-48B5-9575-2EE221BC1C81}"
EndProject
Project("{FAE04EC0-301F-11D3-BF4B-00C04F79EFBC}") = "Tyuiu.PolyantsevEI.Sprint6.Task0.V3.Test", "Tyuiu.PolyantsevEI.Sprint6.Task0.V3.Test\Tyuiu.PolyantsevEI.Sprint6.Task0.V3.Test.csproj", "{391874AA-D260-4B30-9473-F5446B132A9B}"
EndProject
Project("{FAE04EC0-301F-11D3-BF4B-00C04F79EFBC}") = "Tyuiu.PolyantsevEI.Sprint6.Task0.V3", "Tyuiu.PolyantsevEI.Sprint6.Task0.V3\Tyuiu.PolyantsevEI.Sprint6.Task0.V3.csproj", "{1E154914-BA7A-4AC0-85BE-3046046A934F}"
EndProject
Project("{2150E333-8FDC-42A3-9474-1A3956D46DE8}") = "Task1", "Task1", "{837F7EED-6AA9-4ECB-9BFD-D8AEEFFF13E9}"
EndProject
Project("{FAE04EC0-301F-11D3-BF4B-00C04F79EFBC}") = "Tyuiu.PolyantsevEI.Sprint6.Task1.V1", "Tyuiu.PolyantsevEI.Sprint6.Task1.V1\Tyuiu.PolyantsevEI.Sprint6.Task1.V1.csproj", "{DC1BE399-A04F-4FD8-9FAA-C27BD7150529}"
EndProject
Project("{FAE04EC0-301F-11D3-BF4B-00C04F79EFBC}") = "Tyuiu.PolyantsevEI.Sprint6.Task1.V1.Lib", "Tyuiu.PolyantsevEI.Sprint6.Task1.V1.Lib\Tyuiu.PolyantsevEI.Sprint6.Task1.V1.Lib.csproj", "{470C5C3F-7470-43CA-82D3-D0DF6F72519E}"
EndProject
Project("{FAE04EC0-301F-11D3-BF4B-00C04F79EFBC}") = "Tyuiu.PolyantsevEI.Sprint6.Task1.V1.Test", "Tyuiu.PolyantsevEI.Sprint6.Task1.V1.Test\Tyuiu.PolyantsevEI.Sprint6.Task1.V1.Test.csproj", "{F5292CD4-C95E-4D5C-B559-8CD6FF4F0EDB}"
EndProject
Project("{2150E333-8FDC-42A3-9474-1A3956D46DE8}") = "Task2", "Task2", "{3F1BE8C9-7189-410F-A8EE-55E0309FDC95}"
EndProject
Project("{FAE04EC0-301F-11D3-BF4B-00C04F79EFBC}") = "Tyuiu.PolyantsevEI.Sprint6.Task2.V9", "Tyuiu.PolyantsevEI.Sprint6.Task2.V9\Tyuiu.PolyantsevEI.Sprint6.Task2.V9.csproj", "{F0F62C5C-756E-4C45-893D-CEF115A86743}"
EndProject
Project("{FAE04EC0-301F-11D3-BF4B-00C04F79EFBC}") = "Tyuiu.PolyantsevEI.Sprint6.Task2.V9.Lib", "Tyuiu.PolyantsevEI.Sprint6.Task2.V9.Lib\Tyuiu.PolyantsevEI.Sprint6.Task2.V9.Lib.csproj", "{BA4FC64C-15B1-40F2-BBD0-FA879405A6A8}"
EndProject
Project("{FAE04EC0-301F-11D3-BF4B-00C04F79EFBC}") = "Tyuiu.PolyantsevEI.Sprint6.Task2.V9.Test", "Tyuiu.PolyantsevEI.Sprint6.Task2.V9.Test\Tyuiu.PolyantsevEI.Sprint6.Task2.V9.Test.csproj", "{DE529577-6B00-4B18-9B6B-4C0881529797}"
EndProject
Project("{2150E333-8FDC-42A3-9474-1A3956D46DE8}") = "Task3", "Task3", "{775A212D-39AA-4417-919E-227277178AD4}"
EndProject
Project("{FAE04EC0-301F-11D3-BF4B-00C04F79EFBC}") = "Tyuiu.PolyantsevEI.Sprint6.Task3.V6", "Tyuiu.PolyantsevEI.Sprint6.Task3.V6\Tyuiu.PolyantsevEI.Sprint6.Task3.V6.csproj", "{44FF0ED8-0137-4C12-899E-A5E26C373262}"
EndProject
Project("{FAE04EC0-301F-11D3-BF4B-00C04F79EFBC}") = "Tyuiu.PolyantsevEI.Sprint6.Task3.V6.Lib", "Tyuiu.PolyantsevEI.Sprint6.Task3.V6.Lib\Tyuiu.PolyantsevEI.Sprint6.Task3.V6.Lib.csproj", "{3BA657E0-BA53-438A-A3C9-A4E2E61D44C0}"
EndProject
Project("{FAE04EC0-301F-11D3-BF4B-00C04F79EFBC}") = "Tyuiu.PolyantsevEI.Sprint6.Task3.V6.Test", "Tyuiu.PolyantsevEI.Sprint6.Task3.V6.Test\Tyuiu.PolyantsevEI.Sprint6.Task3.V6.Test.csproj", "{9877D9D0-3BF6-4A55-A16E-6AE09B973B6F}"
EndProject
Project("{2150E333-8FDC-42A3-9474-1A3956D46DE8}") = "Task4", "Task4", "{04C1706F-A3A9-4C48-9E31-5CD4C4E98A6E}"
EndProject
Project("{FAE04EC0-301F-11D3-BF4B-00C04F79EFBC}") = "Tyuiu.PolyantsevEI.Sprint6.Task4.V25", "Tyuiu.PolyantsevEI.Sprint6.Task4.V25\Tyuiu.PolyantsevEI.Sprint6.Task4.V25.csproj", "{EBB58DCE-460A-42D3-9A82-8B9DED4D7403}"
EndProject
Project("{FAE04EC0-301F-11D3-BF4B-00C04F79EFBC}") = "Tyuiu.PolyantsevEI.Sprint6.Task4.V25.Lib", "Tyuiu.PolyantsevEI.Sprint6.Task4.V25.Lib\Tyuiu.PolyantsevEI.Sprint6.Task4.V25.Lib.csproj", "{4A0ED04B-DBCC-40EF-BCF4-1EB0FFE9C042}"
EndProject
Project("{FAE04EC0-301F-11D3-BF4B-00C04F79EFBC}") = "Tyuiu.PolyantsevEI.Sprint6.Task4.V25.Test", "Tyuiu.PolyantsevEI.Sprint6.Task4.V25.Test\Tyuiu.PolyantsevEI.Sprint6.Task4.V25.Test.csproj", "{C03E8677-F342-41B9-A9E5-5E2A2D38C898}"
EndProject
Global
	GlobalSection(SolutionConfigurationPlatforms) = preSolution
		Debug|Any CPU = Debug|Any CPU
		Release|Any CPU = Release|Any CPU
	EndGlobalSection
	GlobalSection(ProjectConfigurationPlatforms) = postSolution
		{5C0FC726-1DAA-48B5-9575-2EE221BC1C81}.Debug|Any CPU.ActiveCfg = Debug|Any CPU
		{5C0FC726-1DAA-48B5-9575-2EE221BC1C81}.Debug|Any CPU.Build.0 = Debug|Any CPU
		{5C0FC726-1DAA-48B5-9575-2EE221BC1C81}.Release|Any CPU.ActiveCfg = Release|Any CPU
		{5C0FC726-1DAA-48B5-9575-2EE221BC1C81}.Release|Any CPU.Build.0 = Release|Any CPU
		{391874AA-D260-4B30-9473-F5446B132A9B}.Debug|Any CPU.ActiveCfg = Debug|Any CPU
		{391874AA-D260-4B30-9473-F5446B132A9B}.Debug|Any CPU.Build.0 = Debug|Any CPU
		{391874AA-D260-4B30-9473-F5446B132A9B}.Release|Any CPU.ActiveCfg = Release|Any CPU
		{391874AA-D260-4B30-9473-F5446B132A9B}.Release|Any CPU.Build.0 = Release|Any CPU
		{1E154914-BA7A-4AC0-85BE-3046046A934F}.Debug|Any CPU.ActiveCfg = Debug|Any CPU
		{1E154914-BA7A-4AC0-85BE-3046046A934F}.Debug|Any CPU.Build.0 = Debug|Any CPU
		{1E154914-BA7A-4AC0-85BE-3046046A934F}.Release|Any CPU.ActiveCfg = Release|Any CPU
		{1E154914-BA7A-4AC0-85BE-3046046A934F}.Release|Any CPU.Build.0 = Release|Any CPU
		{DC1BE399-A04F-4FD8-9FAA-C27BD7150529}.Debug|Any CPU.ActiveCfg = Debug|Any CPU
		{DC1BE399-A04F-4FD8-9FAA-C27BD7150529}.Debug|Any CPU.Build.0 = Debug|Any CPU
		{DC1BE399-A04F-4FD8-9FAA-C27BD7150529}.Release|Any CPU.ActiveCfg = Release|Any CPU
		{DC1BE399-A04F-4FD8-9FAA-C27BD7150529}.Release|Any CPU.Build.0 = Release|Any CPU
		{470C5C3F-7470-43CA-82D3-D0DF6F72519E}.Debug|Any CPU.ActiveCfg = Debug|Any CPU
		{470C5C3F-7470-43CA-82D3-D0DF6F72519E}.Debug|Any CPU.Build.0 = Debug|Any CPU
		{470C5C3F-7470-43CA-82D3-D0DF6F72519E}.Release|Any CPU.ActiveCfg = Release|Any CPU
		{470C5C3F-7470-43CA-82D3-D0DF6F72519E}.Release|Any CPU.Build.0 = Release|Any CPU
		{F5292CD4-C95E-4D5C-B559-8CD6FF4F0EDB}.Debug|Any CPU.ActiveCfg = Debug|Any CPU
		{F5292CD4-C95E-4D5C-B559-8CD6FF4F0EDB}.Debug|Any CPU.Build.0 = Debug|Any CPU
		{F5292CD4-C95E-4D5C-B559-8CD6FF4F0EDB}.Release|Any CPU.ActiveCfg = Release|Any CPU
		{F5292CD4-C95E-4D5C-B559-8CD6FF4F0EDB}.Release|Any CPU.Build.0 = Release|Any CPU
		{F0F62C5C-756E-4C45-893D-CEF115A86743}.Debug|Any CPU.ActiveCfg = Debug|Any CPU
		{F0F62C5C-756E-4C45-893D-CEF115A86743}.Debug|Any CPU.Build.0 = Debug|Any CPU
		{F0F62C5C-756E-4C45-893D-CEF115A86743}.Release|Any CPU.ActiveCfg = Release|Any CPU
		{F0F62C5C-756E-4C45-893D-CEF115A86743}.Release|Any CPU.Build.0 = Release|Any CPU
		{BA4FC64C-15B1-40F2-BBD0-FA879405A6A8}.Debug|Any CPU.ActiveCfg = Debug|Any CPU
		{BA4FC64C-15B1-40F2-BBD0-FA879405A6A8}.Debug|Any CPU.Build.0 = Debug|Any CPU
		{BA4FC64C-15B1-40F2-BBD0-FA879405A6A8}.Release|Any CPU.ActiveCfg = Release|Any CPU
		{BA4FC64C-15B1-40F2-BBD0-FA879405A6A8}.Release|Any CPU.Build.0 = Release|Any CPU
		{DE529577-6B00-4B18-9B6B-4C0881529797}.Debug|Any CPU.ActiveCfg = Debug|Any CPU
		{DE529577-6B00-4B18-9B6B-4C0881529797}.Debug|Any CPU.Build.0 = Debug|Any CPU
		{DE529577-6B00-4B18-9B6B-4C0881529797}.Release|Any CPU.ActiveCfg = Release|Any CPU
		{DE529577-6B00-4B18-9B6B-4C0881529797}.Release|Any CPU.Build.0 = Release|Any CPU
		{44FF0ED8-0137-4C12-899E-A5E26C373262}.Debug|Any CPU.ActiveCfg = Debug|Any CPU
		{44FF0ED8-0137-4C12-899E-A5E26C373262}.Debug|Any CPU.Build.0 = Debug|Any CPU
		{44FF0ED8-0137-4C12-899E-A5E26C373262}.Release|Any CPU.ActiveCfg = Release|Any CPU
		{44FF0ED8-0137-4C12-899E-A5E26C373262}.Release|Any CPU.Build.0 = Release|Any CPU
		{3BA657E0-BA53-438A-A3C9-A4E2E61D44C0}.Debug|Any CPU.ActiveCfg = Debug|Any CPU
		{3BA657E0-BA53-438A-A3C9-A4E2E61D44C0}.Debug|Any CPU.Build.0 = Debug|Any CPU
		{3BA657E0-BA53-438A-A3C9-A4E2E61D44C0}.Release|Any CPU.ActiveCfg = Release|Any CPU
		{3BA657E0-BA53-438A-A3C9-A4E2E61D44C0}.Release|Any CPU.Build.0 = Release|Any CPU
		{9877D9D0-3BF6-4A55-A16E-6AE09B973B6F}.Debug|Any CPU.ActiveCfg = Debug|Any CPU
		{9877D9D0-3BF6-4A55-A16E-6AE09B973B6F}.Debug|Any CPU.Build.0 = Debug|Any CPU
		{9877D9D0-3BF6-4A55-A16E-6AE09B973B6F}.Release|Any CPU.ActiveCfg = Release|Any CPU
		{9877D9D0-3BF6-4A55-A16E-6AE09B973B6F}.Release|Any CPU.Build.0 = Release|Any CPU
		{EBB58DCE-460A-42D3-9A82-8B9DED4D7403}.Debug|Any CPU.ActiveCfg = Debug|Any CPU
		{EBB58DCE-460A-42D3-9A82-8B9DED4D7403}.Debug|Any CPU.Build.0 = Debug|Any CPU
		{EBB58DCE-460A-42D3-9A82-8B9DED4D7403}.Release|Any CPU.ActiveCfg = Release|Any CPU
		{EBB58DCE-460A-42D3-9A82-8B9DED4D7403}.Release|Any CPU.Build.0 = Release|Any CPU
		{4A0ED04B-DBCC-40EF-BCF4-1EB0FFE9C042}.Debug|Any CPU.ActiveCfg = Debug|Any CPU
		{4A0ED04B-DBCC-40EF-BCF4-1EB0FFE9C042}.Debug|Any CPU.Build.0 = Debug|Any CPU
		{4A0ED04B-DBCC-40EF-BCF4-1EB0FFE9C042}.Release|Any CPU.ActiveCfg = Release|Any CPU
		{4A0ED04B-DBCC-40EF-BCF4-1EB0FFE9C042}.Release|Any CPU.Build.0 = Release|Any CPU
		{C03E8677-F342-41B9-A9E5-5E2A2D38C898}.Debug|Any CPU.ActiveCfg = Debug|Any CPU
		{C03E8677-F342-41B9-A9E5-5E2A2D38C898}.Debug|Any CPU.Build.0 = Debug|Any CPU
		{C03E8677-F342-41B9-A9E5-5E2A2D38C898}.Release|Any CPU.ActiveCfg = Release|Any CPU
		{C03E8677-F342-41B9-A9E5-5E2A2D38C898}.Release|Any CPU.Build.0 = Release|Any CPU
	EndGlobalSection
	GlobalSection(SolutionProperties) = preSolution
		HideSolutionNode = FALSE
	EndGlobalSection
	GlobalSection(NestedProjects) = preSolution
		{5C0FC726-1DAA-48B5-9575-2EE221BC1C81} = {E3D68791-9CA5-4985-987B-A805F6EF3608}
		{391874AA-D260-4B30-9473-F5446B132A9B} = {E3D68791-9CA5-4985-987B-A805F6EF3608}
		{1E154914-BA7A-4AC0-85BE-3046046A934F} = {E3D68791-9CA5-4985-987B-A805F6EF3608}
		{DC1BE399-A04F-4FD8-9FAA-C27BD7150529} = {837F7EED-6AA9-4ECB-9BFD-D8AEEFFF13E9}
		{470C5C3F-7470-43CA-82D3-D0DF6F72519E} = {837F7EED-6AA9-4ECB-9BFD-D8AEEFFF13E9}
		{F5292CD4-C95E-4D5C-B559-8CD6FF4F0EDB} = {837F7EED-6AA9-4ECB-9BFD-D8AEEFFF13E9}
		{F0F62C5C-756E-4C45-893D-CEF115A86743} = {3F1BE8C9-7189-410F-A8EE-55E0309FDC95}
		{BA4FC64C-15B1-40F2-BBD0-FA879405A6A8} = {3F1BE8C9-7189-410F-A8EE-55E0309FDC95}
		{DE529577-6B00-4B18-9B6B-4C0881529797} = {3F1BE8C9-7189-410F-A8EE-55E0309FDC95}
		{44FF0ED8-0137-4C12-899E-A5E26C373262} = {775A212D-39AA-4417-919E-227277178AD4}
		{3BA657E0-BA53-438A-A3C9-A4E2E61D44C0} = {775A212D-39AA-4417-919E-227277178AD4}
		{9877D9D0-3BF6-4A55-A16E-6AE09B973B6F} = {775A212D-39AA-4417-919E-227277178AD4}
		{EBB58DCE-460A-42D3-9A82-8B9DED4D7403} = {04C1706F-A3A9-4C48-9E31-5CD4C4E98A6E}
		{4A0ED04B-DBCC-40EF-BCF4-1EB0FFE9C042} = {04C1706F-A3A9-4C48-9E31-5CD4C4E98A6E}
		{C03E8677-F342-41B9-A9E5-5E2A2D38C898} = {04C1706F-A3A9-4C48-9E31-5CD4C4E98A6E}
	EndGlobalSection
	GlobalSection(ExtensibilityGlobals) = postSolution
		SolutionGuid = {CEB142F7-3BAD-4664-8F3C-BCBEC7B1E379}
	EndGlobalSection
EndGlobal
